GEM
  remote: https://rubygems.org/
  specs:
    addressable (2.8.7)
      public_suffix (>= 2.0.2, < 7.0)
    amazing_print (1.6.0)
    ast (2.4.2)
    better_errors (2.10.1)
      erubi (>= 1.0.0)
      rack (>= 0.9.0)
      rouge (>= 1.0.0)
    bigdecimal (3.1.8)
    binding_of_caller (1.0.1)
      debug_inspector (>= 1.2.0)
    caliber (0.67.0)
      rubocop (~> 1.69)
      rubocop-capybara (~> 2.21)
      rubocop-disable_syntax (~> 0.1)
      rubocop-packaging (~> 0.5)
      rubocop-performance (~> 1.23)
      rubocop-rake (~> 0.6)
      rubocop-rspec (~> 3.2)
      rubocop-thread_safety (~> 0.6)
    capybara (3.40.0)
      addressable
      matrix
      mini_mime (>= 0.1.3)
      nokogiri (~> 1.11)
      rack (>= 1.6.0)
      rack-test (>= 0.6.3)
      regexp_parser (>= 1.5, < 3.0)
      xpath (~> 3.2)
    childprocess (5.1.0)
      logger (~> 1.5)
    cogger (0.31.0)
      core (~> 1.10)
      logger (~> 1.6)
      refinements (~> 12.10)
      tone (~> 1.10)
      zeitwerk (~> 2.7)
    concurrent-ruby (1.3.4)
    containable (0.6.0)
      concurrent-ruby (~> 1.2)
    core (1.10.0)
    cuprite (0.15.1)
      capybara (~> 3.0)
      ferrum (~> 0.15.0)
    database_cleaner-core (2.0.1)
    database_cleaner-sequel (2.0.2)
      database_cleaner-core (~> 2.0.0)
      sequel
    date (3.4.1)
    debug (1.10.0)
      irb (~> 1.10)
      reline (>= 0.3.8)
    debug_inspector (1.2.0)
    diff-lcs (1.5.1)
    docile (1.4.1)
    dotenv (3.1.7)
    dry-auto_inject (1.0.1)
      dry-core (~> 1.0)
      zeitwerk (~> 2.6)
    dry-cli (1.2.0)
    dry-configurable (1.2.0)
      dry-core (~> 1.0, < 2)
      zeitwerk (~> 2.6)
    dry-core (1.0.2)
      concurrent-ruby (~> 1.0)
      logger
      zeitwerk (~> 2.6)
    dry-events (1.0.1)
      concurrent-ruby (~> 1.0)
      dry-core (~> 1.0, < 2)
    dry-files (1.1.0)
    dry-inflector (1.1.0)
    dry-initializer (3.1.1)
    dry-logger (1.0.4)
    dry-logic (1.5.0)
      concurrent-ruby (~> 1.0)
      dry-core (~> 1.0, < 2)
      zeitwerk (~> 2.6)
    dry-monads (1.6.0)
      concurrent-ruby (~> 1.0)
      dry-core (~> 1.0, < 2)
      zeitwerk (~> 2.6)
    dry-monitor (1.0.1)
      dry-configurable (~> 1.0, < 2)
      dry-core (~> 1.0, < 2)
      dry-events (~> 1.0, < 2)
    dry-schema (1.13.4)
      concurrent-ruby (~> 1.0)
      dry-configurable (~> 1.0, >= 1.0.1)
      dry-core (~> 1.0, < 2)
      dry-initializer (~> 3.0)
      dry-logic (>= 1.4, < 2)
      dry-types (>= 1.7, < 2)
      zeitwerk (~> 2.6)
    dry-struct (1.6.0)
      dry-core (~> 1.0, < 2)
      dry-types (>= 1.7, < 2)
      ice_nine (~> 0.11)
      zeitwerk (~> 2.6)
    dry-system (1.1.1)
      dry-auto_inject (~> 1.0)
      dry-configurable (~> 1.0)
      dry-core (~> 1.0)
      dry-inflector (~> 1.0)
    dry-transformer (1.0.1)
      zeitwerk (~> 2.6)
    dry-types (1.7.2)
      bigdecimal (~> 3.0)
      concurrent-ruby (~> 1.0)
      dry-core (~> 1.0)
      dry-inflector (~> 1.0)
      dry-logic (~> 1.4)
      zeitwerk (~> 2.6)
    dry-validation (1.10.0)
      concurrent-ruby (~> 1.0)
      dry-core (~> 1.0, < 2)
      dry-initializer (~> 3.0)
      dry-schema (>= 1.12, < 2)
      zeitwerk (~> 2.6)
    erubi (1.13.1)
    etcher (2.7.0)
      cogger (~> 0.31)
      core (~> 1.10)
      dry-monads (~> 1.6)
      dry-types (~> 1.7)
      refinements (~> 12.10)
      versionaire (~> 13.10)
      zeitwerk (~> 2.7)
    faker (3.5.1)
      i18n (>= 1.8.11, < 2)
    ferrum (0.15)
      addressable (~> 2.5)
      concurrent-ruby (~> 1.1)
      webrick (~> 1.7)
      websocket-driver (~> 0.7)
    ffi (1.17.0-aarch64-linux-gnu)
    ffi (1.17.0-aarch64-linux-musl)
    ffi (1.17.0-arm-linux-gnu)
    ffi (1.17.0-arm-linux-musl)
    ffi (1.17.0-arm64-darwin)
    ffi (1.17.0-x86-linux-gnu)
    ffi (1.17.0-x86-linux-musl)
    ffi (1.17.0-x86_64-darwin)
    ffi (1.17.0-x86_64-linux-gnu)
    ffi (1.17.0-x86_64-linux-musl)
    git-lint (8.8.0)
      cogger (~> 0.31)
      containable (~> 0.2)
      core (~> 1.10)
      dry-monads (~> 1.6)
      dry-schema (~> 1.13)
      etcher (~> 2.7)
      gitt (~> 3.12)
      infusible (~> 3.12)
      refinements (~> 12.10)
      runcom (~> 11.10)
      sod (~> 0.20)
      spek (~> 3.0)
      tone (~> 1.10)
      zeitwerk (~> 2.7)
    gitt (3.12.1)
      core (~> 1.10)
      dry-monads (~> 1.6)
      refinements (~> 12.10)
      zeitwerk (~> 2.7)
    hanami (2.2.1)
      bundler (>= 1.16, < 3)
      dry-configurable (~> 1.0, >= 1.2.0, < 2)
      dry-core (~> 1.0, < 2)
      dry-inflector (~> 1.0, >= 1.1.0, < 2)
      dry-logger (~> 1.0, < 2)
      dry-monitor (~> 1.0, >= 1.0.1, < 2)
      dry-system (~> 1.1)
      hanami-cli (~> 2.2.1)
      hanami-utils (~> 2.2)
      json (>= 2.7.2)
      zeitwerk (~> 2.6)
    hanami-assets (2.2.0)
      zeitwerk (~> 2.6)
    hanami-cli (2.2.1)
      bundler (~> 2.1)
      dry-cli (~> 1.0, >= 1.1.0)
      dry-files (~> 1.0, >= 1.0.2, < 2)
      dry-inflector (~> 1.0, < 2)
      rake (~> 13.0)
      zeitwerk (~> 2.6)
    hanami-controller (2.2.0)
      dry-configurable (~> 1.0, < 2)
      dry-core (~> 1.0)
      hanami-utils (~> 2.2)
      rack (~> 2.0)
      zeitwerk (~> 2.6)
    hanami-db (2.2.0)
      rom (~> 5.3)
      rom-sql (~> 3.6, >= 3.6.4)
      zeitwerk (~> 2.6)
    hanami-router (2.2.0)
      mustermann (~> 3.0)
      mustermann-contrib (~> 3.0)
      rack (~> 2.0)
    hanami-utils (2.2.0)
      concurrent-ruby (~> 1.0)
      dry-core (~> 1.0, < 2)
      dry-transformer (~> 1.0, < 2)
    hanami-validations (2.2.0)
      dry-validation (>= 1.10, < 2)
    hanami-view (2.2.0)
      dry-configurable (~> 1.0)
      dry-core (~> 1.0)
      dry-inflector (~> 1.0, < 2)
      temple (~> 0.10.0, >= 0.10.2)
      tilt (~> 2.3)
      zeitwerk (~> 2.6)
    hanami-webconsole (2.2.0)
      better_errors (~> 2.10, >= 2.10.1)
      binding_of_caller (~> 1.0)
    hansi (0.2.1)
    htmx (1.9.0)
      refinements (~> 12.10)
      zeitwerk (~> 2.7)
    i18n (1.14.6)
      concurrent-ruby (~> 1.0)
    ice_nine (0.11.2)
    infusible (3.12.0)
      marameters (~> 3.12)
    io-console (0.8.0)
    irb (1.14.3)
      rdoc (>= 4.0.0)
      reline (>= 0.4.2)
    irb-kit (0.9.0)
      irb (~> 1.14)
      zeitwerk (~> 2.7)
    json (2.9.1)
    language_server-protocol (3.17.0.3)
    launchy (3.0.1)
      addressable (~> 2.8)
      childprocess (~> 5.0)
    listen (3.9.0)
      rb-fsevent (~> 0.10, >= 0.10.3)
      rb-inotify (~> 0.9, >= 0.9.10)
    localhost (1.3.1)
    logger (1.6.4)
    marameters (3.12.0)
      refinements (~> 12.10)
      zeitwerk (~> 2.7)
    matrix (0.4.2)
    mini_mime (1.1.5)
    mustermann (3.0.3)
      ruby2_keywords (~> 0.0.1)
    mustermann-contrib (3.0.3)
      hansi (~> 0.2.0)
      mustermann (= 3.0.3)
    nio4r (2.7.4)
    nokogiri (1.17.2-aarch64-linux)
      racc (~> 1.4)
    nokogiri (1.17.2-arm-linux)
      racc (~> 1.4)
    nokogiri (1.17.2-arm64-darwin)
      racc (~> 1.4)
    nokogiri (1.17.2-x86-linux)
      racc (~> 1.4)
    nokogiri (1.17.2-x86_64-darwin)
      racc (~> 1.4)
    nokogiri (1.17.2-x86_64-linux)
      racc (~> 1.4)
    optparse (0.6.0)
    parallel (1.26.3)
    parser (3.3.6.0)
      ast (~> 2.4.1)
      racc
    pg (1.5.9)
    prism (1.2.0)
    psych (5.2.2)
      date
      stringio
    public_suffix (6.0.1)
    puma (6.5.0)
      nio4r (~> 2.0)
    racc (1.8.1)
    rack (2.2.10)
    rack-attack (6.7.0)
      rack (>= 1.0, < 4)
    rack-test (2.1.0)
      rack (>= 1.3)
    rainbow (3.1.1)
    rake (13.2.1)
    rb-fsevent (0.11.2)
    rb-inotify (0.11.1)
      ffi (~> 1.0)
    rbs (3.7.0)
      logger
    rdoc (6.10.0)
      psych (>= 4.0.0)
    reek (6.3.0)
      dry-schema (~> 1.13.0)
      parser (~> 3.3.0)
      rainbow (>= 2.0, < 4.0)
      rexml (~> 3.1)
    refinements (12.11.0)
    regexp_parser (2.9.3)
    reline (0.6.0)
      io-console (~> 0.5)
    repl_type_completor (0.1.9)
      prism (~> 1.0)
      rbs (>= 2.7.0, < 4.0.0)
    rerun (0.14.0)
      listen (~> 3.0)
    rexml (3.4.0)
    rom (5.3.2)
      rom-changeset (~> 5.3, >= 5.3.0)
      rom-core (~> 5.3, >= 5.3.2)
      rom-repository (~> 5.3, >= 5.3.0)
    rom-changeset (5.3.0)
      dry-core (~> 1.0)
      rom-core (~> 5.3)
      transproc (~> 1.0, >= 1.1.0)
    rom-core (5.3.2)
      concurrent-ruby (~> 1.1)
      dry-configurable (~> 1.0)
      dry-core (~> 1.0)
      dry-inflector (~> 1.0)
      dry-initializer (~> 3.0, >= 3.0.1)
      dry-struct (~> 1.0)
      dry-types (~> 1.6)
      transproc (~> 1.0, >= 1.1.0)
    rom-factory (0.12.0)
      dry-configurable (~> 1.0)
      dry-core (~> 1.0)
      dry-struct (~> 1.6)
      faker (>= 2.0, < 4)
      rom-core (~> 5.3)
    rom-repository (5.3.0)
      dry-core (~> 1.0)
      dry-initializer (~> 3.0, >= 3.0.1)
      rom-core (~> 5.3, >= 5.3.0)
    rom-sql (3.6.4)
      dry-core (~> 1.0)
      dry-types (~> 1.0)
      rom (~> 5.2, >= 5.2.1)
      sequel (>= 4.49)
    rouge (4.5.1)
    rspec (3.13.0)
      rspec-core (~> 3.13.0)
      rspec-expectations (~> 3.13.0)
      rspec-mocks (~> 3.13.0)
    rspec-core (3.13.2)
      rspec-support (~> 3.13.0)
    rspec-expectations (3.13.3)
      diff-lcs (>= 1.2.0, < 2.0)
      rspec-support (~> 3.13.0)
    rspec-mocks (3.13.2)
      diff-lcs (>= 1.2.0, < 2.0)
      rspec-support (~> 3.13.0)
    rspec-support (3.13.2)
    rubocop (1.69.2)
      json (~> 2.3)
      language_server-protocol (>= 3.17.0)
      parallel (~> 1.10)
      parser (>= 3.3.0.2)
      rainbow (>= 2.2.2, < 4.0)
      regexp_parser (>= 2.9.3, < 3.0)
      rubocop-ast (>= 1.36.2, < 2.0)
      ruby-progressbar (~> 1.7)
      unicode-display_width (>= 2.4.0, < 4.0)
    rubocop-ast (1.37.0)
      parser (>= 3.3.1.0)
    rubocop-capybara (2.21.0)
      rubocop (~> 1.41)
    rubocop-disable_syntax (0.1.1)
      rubocop (>= 1.50)
    rubocop-packaging (0.5.2)
      rubocop (>= 1.33, < 2.0)
    rubocop-performance (1.23.0)
      rubocop (>= 1.48.1, < 2.0)
      rubocop-ast (>= 1.31.1, < 2.0)
    rubocop-rake (0.6.0)
      rubocop (~> 1.0)
    rubocop-rspec (3.3.0)
      rubocop (~> 1.61)
    rubocop-sequel (0.3.7)
      rubocop (~> 1.0)
    rubocop-thread_safety (0.6.0)
      rubocop (>= 1.48.1)
    ruby-progressbar (1.13.0)
    ruby2_keywords (0.0.5)
    runcom (11.10.0)
      refinements (~> 12.10)
      xdg (~> 8.10)
      zeitwerk (~> 2.7)
    sequel (5.87.0)
      bigdecimal
    simplecov (0.22.0)
      docile (~> 1.1)
      simplecov-html (~> 0.11)
      simplecov_json_formatter (~> 0.1)
    simplecov-html (0.13.1)
    simplecov_json_formatter (0.1.4)
    sod (0.20.0)
      cogger (~> 0.31)
      containable (~> 0.2)
      infusible (~> 3.12)
      optparse (~> 0.6)
      refinements (~> 12.10)
      tone (~> 1.10)
      zeitwerk (~> 2.7)
    spek (3.10.0)
      dry-monads (~> 1.6)
      refinements (~> 12.10)
      versionaire (~> 13.10)
      zeitwerk (~> 2.7)
    stringio (3.1.2)
    temple (0.10.3)
    tilt (2.5.0)
    tone (1.10.0)
      refinements (~> 12.10)
      zeitwerk (~> 2.7)
    transproc (1.1.1)
    unicode-display_width (3.1.2)
      unicode-emoji (~> 4.0, >= 4.0.4)
    unicode-emoji (4.0.4)
    versionaire (13.10.0)
      refinements (~> 12.10)
    webrick (1.9.1)
    websocket-driver (0.7.6)
      websocket-extensions (>= 0.1.0)
    websocket-extensions (0.1.5)
    xdg (8.10.0)
    xpath (3.2.0)
      nokogiri (~> 1.8)
    zeitwerk (2.7.1)

PLATFORMS
  aarch64-linux
  aarch64-linux-gnu
  aarch64-linux-musl
  arm-linux
  arm-linux-gnu
  arm-linux-musl
  arm64-darwin
  x86-linux
  x86-linux-gnu
  x86-linux-musl
  x86_64-darwin
  x86_64-linux
  x86_64-linux-gnu
  x86_64-linux-musl

DEPENDENCIES
  amazing_print (~> 1.6)
  caliber (~> 0.64)
  capybara (~> 3.40)
  cuprite (~> 0.15)
  database_cleaner-sequel (~> 2.0)
  debug (~> 1.9)
  dotenv (~> 3.0)
  dry-monads (~> 1.6)
  dry-schema (~> 1.13)
  dry-types (~> 1.7)
  dry-validation (~> 1.10)
  git-lint (~> 8.7)
  hanami (~> 2.2.0)
  hanami-assets (~> 2.2.0)
  hanami-cli (~> 2.2.0)
  hanami-controller (~> 2.2.0)
  hanami-db (~> 2.2.0)
  hanami-router (~> 2.2.0)
  hanami-validations (~> 2.2.0)
  hanami-view (~> 2.2.0)
  hanami-webconsole (~> 2.2.0)
  htmx (~> 1.4)
  irb-kit (~> 0.3)
  launchy (~> 3.0)
  localhost (~> 1.2)
  pg (~> 1.5)
  puma (~> 6.5)
  rack-attack (~> 6.7)
  rack-test (~> 2.1)
  rake (~> 13.2)
  reek (~> 6.3)
  refinements (~> 12.10)
  repl_type_completor (~> 0.1)
  rerun (~> 0.14)
  rom (~> 5.3)
  rom-factory (~> 0.12)
  rom-sql (~> 3.6)
  rspec (~> 3.13)
  rubocop-sequel (~> 0.3)
  sequel (~> 5.77)
  simplecov (~> 0.22)

CHECKSUMS
  addressable (2.8.7) sha256=462986537cf3735ab5f3c0f557f14155d778f4b43ea4f485a9deb9c8f7c58232
  amazing_print (1.6.0) sha256=9903e93daadc15411c854239f8ca1ca6ce78be279ed99d43fec2bd3b0aa37397
  ast (2.4.2) sha256=1e280232e6a33754cde542bc5ef85520b74db2aac73ec14acef453784447cc12
  better_errors (2.10.1) sha256=f798f1bac93f3e775925b7fcb24cffbcf0bb62ee2210f5350f161a6b75fc0a73
  bigdecimal (3.1.8) sha256=a89467ed5a44f8ae01824af49cbc575871fa078332e8f77ea425725c1ffe27be
  binding_of_caller (1.0.1) sha256=2b2902abff4246ddcfbc4da9b69bc4a019e22aeb300c2ff6289a173d4b90b29a
  caliber (0.67.0) sha256=6336eae2ff48fb267ac55eaa0da0dd53f91e22596f4cdc3d7013ecffc9afbe58
  capybara (3.40.0) sha256=42dba720578ea1ca65fd7a41d163dd368502c191804558f6e0f71b391054aeef
  childprocess (5.1.0) sha256=9a8d484be2fd4096a0e90a0cd3e449a05bc3aa33f8ac9e4d6dcef6ac1455b6ec
  cogger (0.31.0) sha256=31f5ed97c16692b63292ddaf6dd92c51f4cc1cf927249b1ab653199803573883
  concurrent-ruby (1.3.4) sha256=d4aa926339b0a86b5b5054a0a8c580163e6f5dcbdfd0f4bb916b1a2570731c32
  containable (0.6.0) sha256=f23ca230b84e3829bd448aa8d99c3cdf1afb12f31d9cc3a4225af2cc5bf4e9e0
  core (1.10.0) sha256=9bacf7717c9155e5400dc4a0c65e7306289c48fb133711029346f29a2528737e
  cuprite (0.15.1) sha256=0b3a25b2e408b345dfa0bae8bc5e7f021f913737c746edece9ca9fbb57eba259
  database_cleaner-core (2.0.1) sha256=8646574c32162e59ed7b5258a97a208d3c44551b854e510994f24683865d846c
  database_cleaner-sequel (2.0.2) sha256=f1e6566a1a34d7425ff94b447e2c16181bc215555aff3dfe463b7977b621d4bf
  date (3.4.1) sha256=bf268e14ef7158009bfeaec40b5fa3c7271906e88b196d958a89d4b408abe64f
  debug (1.10.0) sha256=11e28ca74875979e612444104f3972bd5ffb9e79179907d7ad46dba44bd2e7a4
  debug_inspector (1.2.0) sha256=9bdfa02eebc3da163833e6a89b154084232f5766087e59573b70521c77ea68a2
  diff-lcs (1.5.1) sha256=273223dfb40685548436d32b4733aa67351769c7dea621da7d9dd4813e63ddfe
  docile (1.4.1) sha256=96159be799bfa73cdb721b840e9802126e4e03dfc26863db73647204c727f21e
  dotenv (3.1.7) sha256=c670df478675d23889e657beaca6fb423228f75ce9f052a0690c0d0daa333cf3
  dry-auto_inject (1.0.1) sha256=7dc28d57ea22947f6162ca897417e951e0f88ade11dff17fccd0de955b5e4d14
  dry-cli (1.2.0) sha256=8c97df3b290ee6354ee2025a5f0a67226b381627de32741d06f35ea0887cd95b
  dry-configurable (1.2.0) sha256=3d3b6e2f5b96853f906de62a27307463d39cc4a2d2a1999b8f47fe34b8bee4fa
  dry-core (1.0.2) sha256=58d55da6308160d042ab78e9e3926b31e7deaa130893ca0b731010caa8dd27bb
  dry-events (1.0.1) sha256=02f6e265242b1d090b373ecf68d755181fa284a50787a3b355ab41e2069504d8
  dry-files (1.1.0) sha256=4fe91d007ad78d303b7f3a8a2321bbfc554fcc01aa11a6b37246658bbf8d41de
  dry-inflector (1.1.0) sha256=340fb9b1b69b4355a3071f1d8fd94d97fc69d48c438748da5c13debfe5c06792
  dry-initializer (3.1.1) sha256=4d267dea367ccabe498b259c62b909b99d577d6db547d9510561999403546dec
  dry-logger (1.0.4) sha256=031746bdc94eadda78dff3ab42d015331de869bfc11285379438be1e759175e4
  dry-logic (1.5.0) sha256=99ed2180f1970c3d8247004f277a01dffbe8e82cf6680de9c7209312d86cd416
  dry-monads (1.6.0) sha256=3b0389ff508faf19508e60bde66dfc1d07e7af78a539a61515cbbf111a22501b
  dry-monitor (1.0.1) sha256=4ac8ed1f85b14bfde1aa0bce9496d7d2fc699c5a4a1131010c8014d5f9e7a309
  dry-schema (1.13.4) sha256=caeb644de0be412d347eb4a6d91c56ceef8ec22cfceb98e80d03d354954b1d2a
  dry-struct (1.6.0) sha256=3737025b3a6cd50fd4e6f42883cbb8d5e0d07680bc8310f7dc0db8c8897dd4e6
  dry-system (1.1.1) sha256=9db80bb372e07e98a3ce8d7c27c71294209b759f70035949c9c7c337adfeb9a4
  dry-transformer (1.0.1) sha256=6a2a6184ece8e347ebb1315fe3224ac19f42ca157db0f59cd5a69aeb76f73d76
  dry-types (1.7.2) sha256=ff180fc285331e572a563408b834a78d1506ee3f5a6c7f803da2232947b0c46a
  dry-validation (1.10.0) sha256=352afd75629772570f54f03d3e7847ac345e628bf345874d49f1dabacc8ceaac
  erubi (1.13.1) sha256=a082103b0885dbc5ecf1172fede897f9ebdb745a4b97a5e8dc63953db1ee4ad9
  etcher (2.7.0) sha256=83b7062f1d9546f19d8c5417646ddaa457d6f29ee7ec974c6b9286636f64ea1c
  faker (3.5.1) sha256=1ad1fbea279d882f486059c23fe3ddb816ccd1d7052c05a45014b4450d859bfc
  ferrum (0.15) sha256=644bc7d29e30ed2d25e5936c518e0763a108e126ee2ca1a3127a36f14edacb1d
  ffi (1.17.0-aarch64-linux-gnu) sha256=228c8fb79e6b018a31c75414115a75ca65f74e8138b2c9c97d22041e4e12f2c1
  ffi (1.17.0-aarch64-linux-musl) sha256=f31ab84b3d7a850a22d2767b66dafebaebe12f64eaa9a4d1748d417ad1123109
  ffi (1.17.0-arm-linux-gnu) sha256=ae3b5bf4701c84263002f13eadfde35fe1e6f88720e7c6f15f1f08f46d745857
  ffi (1.17.0-arm-linux-musl) sha256=6f9dc84817e2dfb62fd209649097e134625c9a66db43c441fa7a8ddb17f40fc9
  ffi (1.17.0-arm64-darwin) sha256=609c874e76614542c6d485b0576e42a7a38ffcdf086612f9a300c4ec3fcd0d12
  ffi (1.17.0-x86-linux-gnu) sha256=81b80d24392be2b8ec6bd66da6b488fd05242af5c0868b59c8b716e5a633c8b5
  ffi (1.17.0-x86-linux-musl) sha256=6917c10e928b80dbf9b16abf9696aa9d7ca417a24d0cc5c1d53fb4ce9799c8c1
  ffi (1.17.0-x86_64-darwin) sha256=fdcd48c69db3303ef95aec5c64d6275fcf9878a02c0bec0afddc506ceca0f56b
  ffi (1.17.0-x86_64-linux-gnu) sha256=1015e59d5919dd6bbcb0704325b0bd639be664a79b1e2189943ceb18faa34198
  ffi (1.17.0-x86_64-linux-musl) sha256=6573299eedf8dd16668f8a435b72c4236b61bca0279bb73c811e3cbdb395e877
  git-lint (8.8.0) sha256=e3fcdc4c507732764f94be2c5679adae4c56f92008283b7303ba175d4057f32d
  gitt (3.12.1) sha256=94663d4d453cedac6daeaea74b0841944abfa4793ef0bc0cc039c85e1a699847
  hanami (2.2.1) sha256=bef14f84916ad3a1244728df206bbd2ae6f307af945e3a2fd44cfe3a639c6cd5
  hanami-assets (2.2.0) sha256=a58a03faacd35f675633a5b693783bee1db4bcfcd0506c4c894f4fb7afeea7c1
  hanami-cli (2.2.1) sha256=028d1235d17516b3f5ea265a84578d6011391827c1cb1b647735596f666ba338
  hanami-controller (2.2.0) sha256=2811692ab9a80051da7878e524f781d14166436a3bcb207366ab2f4b21a5d8ea
  hanami-db (2.2.0) sha256=e2b51d099c01aaa454416d297e03e9749784175bf293c9f1810c27395d713829
  hanami-router (2.2.0) sha256=88534072b6efb5976b30608b70065bcdbaa602282600e37cb0cb5e9d2077c042
  hanami-utils (2.2.0) sha256=7884ed3ef637697487d7cb57045adec3325b9273c550a34b0d0f0332ccee5f5a
  hanami-validations (2.2.0) sha256=87957a131ddd7350ba4387afd831e64c37669cdf56c9c2107eb0f748ec3c78e6
  hanami-view (2.2.0) sha256=fc2b927dc94db6d03e2d5e7f88185c5e9b3620025c6c891a35c40f95d09beeba
  hanami-webconsole (2.2.0) sha256=486fba76c2664a63fcd30729d9c97a763264944dc120ff6b3ad1e29ad06e0931
  hansi (0.2.1) sha256=7e27dfd729f1692a3a7690fc0ef3af9d5e3cfc0285bb135cae7e56180e4805db
  htmx (1.9.0) sha256=52bfa40175792cdd52bdc2697c376aa05208d373ad90aab70d7923c8c186b87f
  i18n (1.14.6) sha256=dc229a74f5d181f09942dd60ab5d6e667f7392c4ee826f35096db36d1fe3614c
  ice_nine (0.11.2) sha256=5d506a7d2723d5592dc121b9928e4931742730131f22a1a37649df1c1e2e63db
  infusible (3.12.0) sha256=1267b7e0b636adb5c4923a3543731e78c60653c1358e94bf3fdb25bdb5b08b41
  io-console (0.8.0) sha256=cd6a9facbc69871d69b2cb8b926fc6ea7ef06f06e505e81a64f14a470fddefa2
  irb (1.14.3) sha256=c457f1f2f1438ae9ce5c5be3981ae2138dec7fb894c7d73777eeeb0a6c0d0752
  irb-kit (0.9.0) sha256=279728c032919ea26fc20781d0d37f2fb08c8fa657592a28fa158e0b16f4673b
  json (2.9.1) sha256=d2bdef4644052fad91c1785d48263756fe32fcac08b96a20bb15840e96550d11
  language_server-protocol (3.17.0.3) sha256=3d5c58c02f44a20d972957a9febe386d7e7468ab3900ce6bd2b563dd910c6b3f
  launchy (3.0.1) sha256=b7fa60bda0197cf57614e271a250a8ca1f6a34ab889a3c73f67ec5d57c8a7f2c
  listen (3.9.0) sha256=db9e4424e0e5834480385197c139cb6b0ae0ef28cc13310cfd1ca78377d59c67
  localhost (1.3.1) sha256=fcd3a8d89cd8b28e04feb4cb45111e1b4a7138efc879acdf656f4affd35f4198
  logger (1.6.4) sha256=b627b91c922231050932e7bf8ee886fe54790ba2238a468ead52ba21911f2ee7
  marameters (3.12.0) sha256=9eb5c6f1903bcfcfb068ad4ddd5a124c9aa87917b7491c685621968ca9296221
  matrix (0.4.2) sha256=71083ccbd67a14a43bfa78d3e4dc0f4b503b9cc18e5b4b1d686dc0f9ef7c4cc0
  mini_mime (1.1.5) sha256=8681b7e2e4215f2a159f9400b5816d85e9d8c6c6b491e96a12797e798f8bccef
  mustermann (3.0.3) sha256=d1f8e9ba2ddaed47150ddf81f6a7ea046826b64c672fbc92d83bce6b70657e88
  mustermann-contrib (3.0.3) sha256=858035bfe0425d3cbf2cc2ff5bc2cda23426c1a70530881054f0341e07699d34
  nio4r (2.7.4) sha256=d95dee68e0bb251b8ff90ac3423a511e3b784124e5db7ff5f4813a220ae73ca9
  nokogiri (1.17.2-aarch64-linux) sha256=585c8cac6380848b7973bacfd0584628d116810e5f209db25e22d0c32313e681
  nokogiri (1.17.2-arm-linux) sha256=3d033ad9b09d5b8a203f0f2156053e93a9327a9c7887c0ceb9fa78c71d27280d
  nokogiri (1.17.2-arm64-darwin) sha256=0c5eb06ba1c112d33c2bb29973b07e2f21c4ddb66c67c9386fd97ff1c5d84686
  nokogiri (1.17.2-x86-linux) sha256=8c4dd75e35810bdeb7c74943f383ca665baf6aed8fc2b78c1d305094a72794aa
  nokogiri (1.17.2-x86_64-darwin) sha256=dc5977eb3416e1d501b22b0ed4737bf7604121491405865b887975eacfb3e896
  nokogiri (1.17.2-x86_64-linux) sha256=e8614ae8d776bd9adb535ca814375e7ae05d7cfa6aa01909e561484f6d70be0b
  optparse (0.6.0) sha256=25e90469c1cd44048a89dc01c1dde9d5f0bdf717851055fb18237780779b068c
  parallel (1.26.3) sha256=d86babb7a2b814be9f4b81587bf0b6ce2da7d45969fab24d8ae4bf2bb4d4c7ef
  parser (3.3.6.0) sha256=25d4e67cc4f0f7cab9a2ae1f38e2005b6904d2ea13c34734511d0faad038bc3b
  pg (1.5.9) sha256=761efbdf73b66516f0c26fcbe6515dc7500c3f0aa1a1b853feae245433c64fdc
  prism (1.2.0) sha256=24ff9cd3232346e68052659f14c9a618022ea98935f774df465206aba5c06d2f
  psych (5.2.2) sha256=a4a9477c85d3e858086c38cf64e7096abe40d1b1eed248b01020dec0ff9906ab
  public_suffix (6.0.1) sha256=61d44e1cab5cbbbe5b31068481cf16976dd0dc1b6b07bd95617ef8c5e3e00c6f
  puma (6.5.0) sha256=94d1b75cab7f356d52e4f1b17b9040a090889b341dbeee6ee3703f441dc189f2
  racc (1.8.1) sha256=4a7f6929691dbec8b5209a0b373bc2614882b55fc5d2e447a21aaa691303d62f
  rack (2.2.10) sha256=e4a5ee3f8f2ba45614a4498114d6dc7da1c51a0f0dd810d891906ea71d3aa72b
  rack-attack (6.7.0) sha256=3ca47e8f66cd33b2c96af53ea4754525cd928ed3fa8da10ee6dad0277791d77c
  rack-test (2.1.0) sha256=0c61fc61904049d691922ea4bb99e28004ed3f43aa5cfd495024cc345f125dfb
  rainbow (3.1.1) sha256=039491aa3a89f42efa1d6dec2fc4e62ede96eb6acd95e52f1ad581182b79bc6a
  rake (13.2.1) sha256=46cb38dae65d7d74b6020a4ac9d48afed8eb8149c040eccf0523bec91907059d
  rb-fsevent (0.11.2) sha256=43900b972e7301d6570f64b850a5aa67833ee7d87b458ee92805d56b7318aefe
  rb-inotify (0.11.1) sha256=a0a700441239b0ff18eb65e3866236cd78613d6b9f78fea1f9ac47a85e47be6e
  rbs (3.7.0) sha256=97870668ffa420585932c88b43799e622d188a6425f1f433410e400f630e2cea
  rdoc (6.10.0) sha256=db665021883ac9df3ba29cdf71aece960749888db1bf9615b4a584cfa3fa3eda
  reek (6.3.0) sha256=4501c45ad75038e1f04030a7ddb6ad18c9bcc9ba62a0b3827e430b342f582ae7
  refinements (12.11.0) sha256=eed2cb4a20e577d15775d9c6d8453ba76e442784979ca445939c5f3748ed52f3
  regexp_parser (2.9.3) sha256=4b620657ed8349d82e1331a076415c79b9dd714a5546162ddd790ea9988f6379
  reline (0.6.0) sha256=57620375dcbe56ec09bac7192bfb7460c716bbf0054dc94345ecaa5438e539d2
  repl_type_completor (0.1.9) sha256=36084d114be2a42b6bcee558f74268226268e012b33bb87fa694222307169369
  rerun (0.14.0) sha256=996a5af2b2b34dcb30146c6c728addab9113e07c119003370daa9bf27feb88fd
  rexml (3.4.0) sha256=efbea1efba7fa151158e0ee1e643525834da2d8eb4cf744aa68f6480bc9804b2
  rom (5.3.2) sha256=811a2993d06245070fd4b3e82057ee3bc6288d565fe960cace08a7bb017b121d
  rom-changeset (5.3.0) sha256=705df5bd632200c70c58ba798a87779ddc5cc92fdf741b265e9ccca2604b1023
  rom-core (5.3.2) sha256=14b50d61b42bfa90de64f403f875ac578ac2d603b3855fe3af72c75590ca1c55
  rom-factory (0.12.0) sha256=bf3b5bd4b59e32f89271e5a19060788d0f64352a291559db710776cf5c58fb58
  rom-repository (5.3.0) sha256=e3d5c39e48b6e01b019ba05d580d023e0a8acc446ed5ab180892d8eeb7d0bcb3
  rom-sql (3.6.4) sha256=9b7d487220a3e9125ddfbe15dfe0943fab6ef6a2cce804bfcb8e096f7185727e
  rouge (4.5.1) sha256=2ac81c6dee7019bbc6600d4c2d641d730d65c165941400ebd924259067e690dd
  rspec (3.13.0) sha256=d490914ac1d5a5a64a0e1400c1d54ddd2a501324d703b8cfe83f458337bab993
  rspec-core (3.13.2) sha256=94fbda6e4738e478f1c7532b7cc241272fcdc8b9eac03a97338b1122e4573300
  rspec-expectations (3.13.3) sha256=0e6b5af59b900147698ea0ff80456c4f2e69cac4394fbd392fbd1ca561f66c58
  rspec-mocks (3.13.2) sha256=2327335def0e1665325a9b617e3af9ae20272741d80ac550336309a7c59abdef
  rspec-support (3.13.2) sha256=cea3a2463fd9b84b9dcc9685efd80ea701aa8f7b3decb3b3ce795ed67737dbec
  rubocop (1.69.2) sha256=762fb0f30a379bf6054588d39f1815a2a1df8f067bc0337d3fe500e346924bb8
  rubocop-ast (1.37.0) sha256=9513ac88aaf113d04b52912533ffe46475de1362d4aa41141b51b2455827c080
  rubocop-capybara (2.21.0) sha256=5d264efdd8b6c7081a3d4889decf1451a1cfaaec204d81534e236bc825b280ab
  rubocop-disable_syntax (0.1.1) sha256=fba0b24edbd3de049ccaac8473c18fed308b5bd991e389a3368965f6cb88edbb
  rubocop-packaging (0.5.2) sha256=a36753777573161318ab627a380510c80bfdef2ef2a5b55ad313f923efd20fc7
  rubocop-performance (1.23.0) sha256=34ae78cb1bc5f1a0b34a34a1f9f6eec2cb8b8b9cafa2ce37982021e86fa49171
  rubocop-rake (0.6.0) sha256=56b6f22189af4b33d4f4e490a555c09f1281b02f4d48c3a61f6e8fe5f401d8db
  rubocop-rspec (3.3.0) sha256=79e1b281a689044d1516fefbc52e2e6c06cd367c25ebeaf06a7a198e9071cd7d
  rubocop-sequel (0.3.7) sha256=1e274c0db154765f766b563d99be4796b7d7b501f81406d47c8bcef3789e3e0f
  rubocop-thread_safety (0.6.0) sha256=234857694d77a20498e4aae25d87d13e6be462f27d59c40b2a277d67442baea5
  ruby-progressbar (1.13.0) sha256=80fc9c47a9b640d6834e0dc7b3c94c9df37f08cb072b7761e4a71e22cff29b33
  ruby2_keywords (0.0.5) sha256=ffd13740c573b7301cf7a2e61fc857b2a8e3d3aff32545d6f8300d8bae10e3ef
  runcom (11.10.0) sha256=7855f7d6fead88a1e1b8c1df7dddfe41166a60c6446f1a0fe70e276d9f52e523
  sequel (5.87.0) sha256=0b086dca3dcb28bedcc557358224ef9dc878077e26e527e5280d9f23a2703b3f
  simplecov (0.22.0) sha256=fe2622c7834ff23b98066bb0a854284b2729a569ac659f82621fc22ef36213a5
  simplecov-html (0.13.1) sha256=5dab0b7ee612e60e9887ad57693832fdf4695b4c0c859eaea5f95c18791ef10b
  simplecov_json_formatter (0.1.4) sha256=529418fbe8de1713ac2b2d612aa3daa56d316975d307244399fa4838c601b428
  sod (0.20.0) sha256=0dc12c5a4dad01eebc05fe9f8ac3c10676650eefd0204cb52eebaf5217f26bfd
  spek (3.10.0) sha256=d9deb21e398c84e719dcfaffd0b98d365fc3fd9171d9cc7faaa9e92050976489
  stringio (3.1.2) sha256=204f1828f85cdb39d57cac4abc6dc44b04505a223f131587f2e20ae3729ba131
  temple (0.10.3) sha256=df3145fe6577af1e25387eb7f7122d32ed51bdb6f2e7bb0f4fbf07b66151913b
  tilt (2.5.0) sha256=3c871a9ffb0fd8191944d8bbd776a371ba1eeb683483cecf1b2572b292293b15
  tone (1.10.0) sha256=e25902b674859d1f4ad5b05374f16201573dae5e5ac8bf19f8924cf9141c5de3
  transproc (1.1.1) sha256=b2f9a85ecaf7064f0b3893ffac929de9fd713b13f5aaf822b0bd091fd6f5c8c2
  unicode-display_width (3.1.2) sha256=fdd4db6cf898201e341b21106663866dbd2a64d665c1a0a2fe8af09c6ef495d1
  unicode-emoji (4.0.4) sha256=2c2c4ef7f353e5809497126285a50b23056cc6e61b64433764a35eff6c36532a
  versionaire (13.10.0) sha256=885e66ed25d8b8f66c40318bc37b938a3f9293112d73caaadbecf0861ba5a819
  webrick (1.9.1) sha256=b42d3c94f166f3fb73d87e9b359def9b5836c426fc8beacf38f2184a21b2a989
  websocket-driver (0.7.6) sha256=f69400be7bc197879726ad8e6f5869a61823147372fd8928836a53c2c741d0db
  websocket-extensions (0.1.5) sha256=1c6ba63092cda343eb53fc657110c71c754c56484aad42578495227d717a8241
  xdg (8.10.0) sha256=e2a2986a4525aa5aad5cbd3a7ae4a7e594b8c88097596c994f953dc476a07466
  xpath (3.2.0) sha256=6dfda79d91bb3b949b947ecc5919f042ef2f399b904013eb3ef6d20dd3a4082e
  zeitwerk (2.7.1) sha256=0945986050e4907140895378e74df1fe882a2271ed087cc6c6d6b00d415a2756

RUBY VERSION
   ruby 3.3.6p108

BUNDLED WITH
   2.6.1
